
Microsoft Visual Studio Solution File, Format Version 12.00
# Visual Studio Version 17
VisualStudioVersion = 17.7.34024.191
MinimumVisualStudioVersion = 10.0.40219.1
Project("{FAE04EC0-301F-11D3-BF4B-00C04F79EFBC}") = "WpfApp1", "WpfApp1.csproj", "{C574DAD6-234D-4356-9D3B-46FDC93A1A37}"
EndProject
Global
	GlobalSection(SolutionConfigurationPlatforms) = preSolution
		Debug|Any CPU = Debug|Any CPU
		Release|Any CPU = Release|Any CPU
	EndGlobalSection
	GlobalSection(ProjectConfigurationPlatforms) = postSolution
		{C574DAD6-234D-4356-9D3B-46FDC93A1A37}.Debug|Any CPU.ActiveCfg = Debug|Any CPU
		{C574DAD6-234D-4356-9D3B-46FDC93A1A37}.Debug|Any CPU.Build.0 = Debug|Any CPU
		{C574DAD6-234D-4356-9D3B-46FDC93A1A37}.Release|Any CPU.ActiveCfg = Release|Any CPU
		{C574DAD6-234D-4356-9D3B-46FDC93A1A37}.Release|Any CPU.Build.0 = Release|Any CPU
	EndGlobalSection
	GlobalSection(SolutionProperties) = preSolution
		HideSolutionNode = FALSE
	EndGlobalSection
	GlobalSection(ExtensibilityGlobals) = postSolution
		SolutionGuid = {7461E617-5CBB-4722-BCC8-CCA6197F7B55}
	EndGlobalSection
EndGlobal
